<?xml version="1.0" encoding="utf-8"?>
<Project ToolsVersion="4.0" xmlns="http://schemas.microsoft.com/developer/msbuild/2003">
  <ItemGroup>
    <None Include="..\.clang-format" />
    <None Include="cpp.hint" />
    <None Include="Focus.ruleset" />
  </ItemGroup>
  <ItemGroup>
    <ClInclude Include="Platform.h" />
    <ClInclude Include="NonVolatile.h" />
    <ClInclude Include="Config.h" />
    <ClInclude Include="Macros.h" />
    <ClInclude Include="BaseLib\algorithm.hxx">
      <Filter>BaseLib</Filter>
    </ClInclude>
    <ClInclude Include="BaseLib\assert.hxx">
      <Filter>BaseLib</Filter>
    </ClInclude>
    <ClInclude Include="BaseLib\enum_helper.hxx">
      <Filter>BaseLib</Filter>
    </ClInclude>
    <ClInclude Include="BaseLib\managed_object.hxx">
      <Filter>BaseLib</Filter>
    </ClInclude>
    <ClInclude Include="BaseLib\trait_macros.hxx">
      <Filter>BaseLib</Filter>
    </ClInclude>
    <ClInclude Include="BaseLib\type_traits.hxx">
      <Filter>BaseLib</Filter>
    </ClInclude>
    <ClInclude Include="BaseLib\types.hxx">
      <Filter>BaseLib</Filter>
    </ClInclude>
    <ClInclude Include="BaseLib\utility.hxx">
      <Filter>BaseLib</Filter>
    </ClInclude>
    <ClInclude Include="Core\EngineConfig.hpp">
      <Filter>Core</Filter>
    </ClInclude>
    <ClInclude Include="Core\Memory\Allocator\Heap.hpp">
      <Filter>Core\Memory\Allocator</Filter>
    </ClInclude>
    <ClInclude Include="Platform\WinNTEx.h">
      <Filter>Platform</Filter>
    </ClInclude>
    <ClInclude Include="BaseLib\abi\x64.hxx">
      <Filter>BaseLib\abi</Filter>
    </ClInclude>
    <ClInclude Include="Core\Concurrency\TaskParameters.hpp">
      <Filter>Core\Concurrency</Filter>
    </ClInclude>
    <ClInclude Include="Core\Concurrency\_impl\Scheduler\FiberBased.hpp">
      <Filter>Core\Concurrency\_impl\Scheduler</Filter>
    </ClInclude>
    <ClInclude Include="Core\Concurrency\_impl\Scheduler\Interface.hpp">
      <Filter>Core\Concurrency\_impl\Scheduler</Filter>
    </ClInclude>
    <ClInclude Include="Core\Concurrency\_impl\Fiber.hpp">
      <Filter>Core\Concurrency\_impl</Filter>
    </ClInclude>
    <ClInclude Include="Core\Concurrency\_impl\CommonHeaders.hpp">
      <Filter>Core\Concurrency\_impl</Filter>
    </ClInclude>
    <ClInclude Include="Core\Concurrency\Task.hpp">
      <Filter>Core\Concurrency</Filter>
    </ClInclude>
    <ClInclude Include="Core\Concurrency\_impl\CreateTaskHelper_EDG.inl">
      <Filter>Core\Concurrency\_impl</Filter>
    </ClInclude>
    <ClInclude Include="Core\Concurrency\_impl\CreateTask.inl">
      <Filter>Core\Concurrency\_impl</Filter>
    </ClInclude>
    <ClInclude Include="Core\Concurrency\_impl\TaskParameterSeparator.hpp">
      <Filter>Core\Concurrency\_impl</Filter>
    </ClInclude>
  </ItemGroup>
  <ItemGroup>
    <Filter Include="Focus">
      <UniqueIdentifier>{1d976492-426e-4884-ae7f-b3ecd3ccf0ea}</UniqueIdentifier>
    </Filter>
    <Filter Include="BaseLib">
      <UniqueIdentifier>{31e571f2-8233-4e58-a225-669241a18616}</UniqueIdentifier>
    </Filter>
    <Filter Include="Core">
      <UniqueIdentifier>{e7847d81-d9b7-48c9-94a8-cd37bcd43aff}</UniqueIdentifier>
    </Filter>
    <Filter Include="Core\Memory">
      <UniqueIdentifier>{d0c5c7f9-2e47-4aa2-952f-37f8ca2ffd48}</UniqueIdentifier>
    </Filter>
    <Filter Include="Core\Memory\Allocator">
      <UniqueIdentifier>{bcae72a9-56da-43e7-9048-bc85bba97963}</UniqueIdentifier>
    </Filter>
    <Filter Include="Platform">
      <UniqueIdentifier>{2b16a6d0-2106-4b39-bc0f-0d1c8567a00d}</UniqueIdentifier>
    </Filter>
    <Filter Include="BaseLib\abi">
      <UniqueIdentifier>{50621e3d-658a-48d3-9a88-ac84fdfb4f65}</UniqueIdentifier>
    </Filter>
    <Filter Include="Core\Concurrency">
      <UniqueIdentifier>{125f3f0b-5fd5-47db-86ae-a9bbcc902d50}</UniqueIdentifier>
    </Filter>
    <Filter Include="Core\Concurrency\_impl">
      <UniqueIdentifier>{53cb6f15-eac5-4ea8-b24c-3da7501ae75e}</UniqueIdentifier>
    </Filter>
    <Filter Include="Core\Concurrency\_impl\Scheduler">
      <UniqueIdentifier>{9289f3af-d94c-4af3-afb6-63fc835147f1}</UniqueIdentifier>
    </Filter>
  </ItemGroup>
  <ItemGroup>
    <ClCompile Include="Focus\Main.cpp">
      <Filter>Focus</Filter>
    </ClCompile>
    <ClCompile Include="Core\EngineConfig.cpp">
      <Filter>Core</Filter>
    </ClCompile>
    <ClCompile Include="Core\Concurrency\_impl\Scheduler\FiberBased.cpp">
      <Filter>Core\Concurrency\_impl\Scheduler</Filter>
    </ClCompile>
    <ClCompile Include="Core\Concurrency\_impl\Scheduler\Scheduler.cpp">
      <Filter>Core\Concurrency\_impl\Scheduler</Filter>
    </ClCompile>
  </ItemGroup>
  <ItemGroup>
    <Natvis Include="BaseLib\managed_object.natvis">
      <Filter>BaseLib</Filter>
    </Natvis>
  </ItemGroup>
</Project>